
Microsoft Visual Studio Solution File, Format Version 12.00
# Visual Studio 15
VisualStudioVersion = 15.0.28307.168
MinimumVisualStudioVersion = 10.0.40219.1
Project("{2150E333-8FDC-42A3-9474-1A3956D46DE8}") = "IBeerStore", "IBeerStore", "{53EF0439-1BDC-4C61-B79E-066B94679201}"
EndProject
Project("{2150E333-8FDC-42A3-9474-1A3956D46DE8}") = "DrinksDistributor1", "DrinksDistributor1", "{DF11B9C3-4A1F-46EB-A1A8-B8F44A4A8BBC}"
EndProject
Project("{2150E333-8FDC-42A3-9474-1A3956D46DE8}") = "DrinksDistributor2", "DrinksDistributor2", "{F4A9D314-2166-4C0F-81E1-7BE7EAF28E75}"
EndProject
Project("{FAE04EC0-301F-11D3-BF4B-00C04F79EFBC}") = "Distributor1", "Distributor1\Distributor1.csproj", "{D630B102-4D4F-4005-A861-FD23CBD03EBA}"
EndProject
Project("{FAE04EC0-301F-11D3-BF4B-00C04F79EFBC}") = "WebAPIDistributor1", "WebAPIDistributor1\WebAPIDistributor1.csproj", "{6816ED19-AF22-4159-8695-8615FB438F5F}"
EndProject
Project("{9A19103F-16F7-4668-BE54-9A1E7A4F7556}") = "CoreDistributor1", "CoreDistributor1\CoreDistributor1.csproj", "{5344E195-39CF-4858-839D-52ABD635D497}"
EndProject
Project("{FAE04EC0-301F-11D3-BF4B-00C04F79EFBC}") = "IBeerCore", "IBeerCore\IBeerCore.csproj", "{44D93996-21AB-4426-8711-DB21A17FFA1A}"
EndProject
Project("{FAE04EC0-301F-11D3-BF4B-00C04F79EFBC}") = "IBeerData", "IBeerData\IBeerData.csproj", "{DD3089BC-2BDB-430A-B784-ADC004B764BA}"
EndProject
Project("{FAE04EC0-301F-11D3-BF4B-00C04F79EFBC}") = "IBeerService", "IBeerService\IBeerService.csproj", "{40EA20A3-ABB5-4781-BA94-2D1164E97F5B}"
EndProject
Project("{FAE04EC0-301F-11D3-BF4B-00C04F79EFBC}") = "IBeer", "IBeer\IBeer.csproj", "{8D031C60-190F-40E5-A37F-6CEF46BBB385}"
EndProject
Global
	GlobalSection(SolutionConfigurationPlatforms) = preSolution
		Debug|Any CPU = Debug|Any CPU
		Release|Any CPU = Release|Any CPU
	EndGlobalSection
	GlobalSection(ProjectConfigurationPlatforms) = postSolution
		{D630B102-4D4F-4005-A861-FD23CBD03EBA}.Debug|Any CPU.ActiveCfg = Debug|Any CPU
		{D630B102-4D4F-4005-A861-FD23CBD03EBA}.Debug|Any CPU.Build.0 = Debug|Any CPU
		{D630B102-4D4F-4005-A861-FD23CBD03EBA}.Release|Any CPU.ActiveCfg = Release|Any CPU
		{D630B102-4D4F-4005-A861-FD23CBD03EBA}.Release|Any CPU.Build.0 = Release|Any CPU
		{6816ED19-AF22-4159-8695-8615FB438F5F}.Debug|Any CPU.ActiveCfg = Debug|Any CPU
		{6816ED19-AF22-4159-8695-8615FB438F5F}.Debug|Any CPU.Build.0 = Debug|Any CPU
		{6816ED19-AF22-4159-8695-8615FB438F5F}.Release|Any CPU.ActiveCfg = Release|Any CPU
		{6816ED19-AF22-4159-8695-8615FB438F5F}.Release|Any CPU.Build.0 = Release|Any CPU
		{5344E195-39CF-4858-839D-52ABD635D497}.Debug|Any CPU.ActiveCfg = Debug|Any CPU
		{5344E195-39CF-4858-839D-52ABD635D497}.Debug|Any CPU.Build.0 = Debug|Any CPU
		{5344E195-39CF-4858-839D-52ABD635D497}.Release|Any CPU.ActiveCfg = Release|Any CPU
		{5344E195-39CF-4858-839D-52ABD635D497}.Release|Any CPU.Build.0 = Release|Any CPU
		{44D93996-21AB-4426-8711-DB21A17FFA1A}.Debug|Any CPU.ActiveCfg = Debug|Any CPU
		{44D93996-21AB-4426-8711-DB21A17FFA1A}.Debug|Any CPU.Build.0 = Debug|Any CPU
		{44D93996-21AB-4426-8711-DB21A17FFA1A}.Release|Any CPU.ActiveCfg = Release|Any CPU
		{44D93996-21AB-4426-8711-DB21A17FFA1A}.Release|Any CPU.Build.0 = Release|Any CPU
		{DD3089BC-2BDB-430A-B784-ADC004B764BA}.Debug|Any CPU.ActiveCfg = Debug|Any CPU
		{DD3089BC-2BDB-430A-B784-ADC004B764BA}.Debug|Any CPU.Build.0 = Debug|Any CPU
		{DD3089BC-2BDB-430A-B784-ADC004B764BA}.Release|Any CPU.ActiveCfg = Release|Any CPU
		{DD3089BC-2BDB-430A-B784-ADC004B764BA}.Release|Any CPU.Build.0 = Release|Any CPU
		{40EA20A3-ABB5-4781-BA94-2D1164E97F5B}.Debug|Any CPU.ActiveCfg = Debug|Any CPU
		{40EA20A3-ABB5-4781-BA94-2D1164E97F5B}.Debug|Any CPU.Build.0 = Debug|Any CPU
		{40EA20A3-ABB5-4781-BA94-2D1164E97F5B}.Release|Any CPU.ActiveCfg = Release|Any CPU
		{40EA20A3-ABB5-4781-BA94-2D1164E97F5B}.Release|Any CPU.Build.0 = Release|Any CPU
		{8D031C60-190F-40E5-A37F-6CEF46BBB385}.Debug|Any CPU.ActiveCfg = Debug|Any CPU
		{8D031C60-190F-40E5-A37F-6CEF46BBB385}.Debug|Any CPU.Build.0 = Debug|Any CPU
		{8D031C60-190F-40E5-A37F-6CEF46BBB385}.Release|Any CPU.ActiveCfg = Release|Any CPU
		{8D031C60-190F-40E5-A37F-6CEF46BBB385}.Release|Any CPU.Build.0 = Release|Any CPU
	EndGlobalSection
	GlobalSection(SolutionProperties) = preSolution
		HideSolutionNode = FALSE
	EndGlobalSection
	GlobalSection(NestedProjects) = preSolution
		{D630B102-4D4F-4005-A861-FD23CBD03EBA} = {DF11B9C3-4A1F-46EB-A1A8-B8F44A4A8BBC}
		{6816ED19-AF22-4159-8695-8615FB438F5F} = {DF11B9C3-4A1F-46EB-A1A8-B8F44A4A8BBC}
		{5344E195-39CF-4858-839D-52ABD635D497} = {DF11B9C3-4A1F-46EB-A1A8-B8F44A4A8BBC}
		{44D93996-21AB-4426-8711-DB21A17FFA1A} = {53EF0439-1BDC-4C61-B79E-066B94679201}
		{DD3089BC-2BDB-430A-B784-ADC004B764BA} = {53EF0439-1BDC-4C61-B79E-066B94679201}
		{40EA20A3-ABB5-4781-BA94-2D1164E97F5B} = {53EF0439-1BDC-4C61-B79E-066B94679201}
		{8D031C60-190F-40E5-A37F-6CEF46BBB385} = {53EF0439-1BDC-4C61-B79E-066B94679201}
	EndGlobalSection
	GlobalSection(ExtensibilityGlobals) = postSolution
		SolutionGuid = {6E416B75-844A-432B-8469-6076607E7AF4}
	EndGlobalSection
EndGlobal
